schema: '2.0'
stages:
  data:
    cmd: python -m src.pipelines.data_pipeline
    deps:
    - path: data/raw/student_academic_data/data.csv
      hash: md5
      md5: ee29c9ee9ea60654b5bb0a161c0a473d
      size: 533230
    - path: src/data
      hash: md5
      md5: 5f07dc7df7f49c64619495487786c45c.dir
      size: 10597
      nfiles: 8
    outs:
    - path: data/processed/X_test.csv
      hash: md5
      md5: f5d3bea66015c24c3ceda060bd03cab3
      size: 60305
    - path: data/processed/X_train.csv
      hash: md5
      md5: 4ec900a50fbdbde01e24b00484ca0e48
      size: 240477
    - path: data/processed/y_test.npy
      hash: md5
      md5: 5db406eea83370479eae227ca00ae702
      size: 7208
    - path: data/processed/y_train.npy
      hash: md5
      md5: 4aa67a5d3119baefbdb2356f81c72af7
      size: 28440
  train:
    cmd: python -m src.pipelines.training_pipeline
    deps:
    - path: data/processed/X_train.csv
      hash: md5
      md5: 4ec900a50fbdbde01e24b00484ca0e48
      size: 240477
    - path: data/processed/y_train.npy
      hash: md5
      md5: 4aa67a5d3119baefbdb2356f81c72af7
      size: 28440
    outs:
    - path: artifacts/feature_names.joblib
      hash: md5
      md5: 1577c36107d439e5626f88b9e27143ee
      size: 505
    - path: artifacts/models/best_model.joblib
      hash: md5
      md5: 036f7236695cfef3d8c60b286385e462
      size: 1082336
  evaluate:
    cmd: python -m src.pipelines.evaluation_pipeline
    deps:
    - path: artifacts/models/best_model.joblib
      hash: md5
      md5: abcbaa5d31df049116e53bfdb17f7d7b
      size: 1059352
    - path: data/processed/X_test.csv
      hash: md5
      md5: 13ed4e09f91fafd07de29cdc6804d49a
      size: 75300
    - path: data/processed/y_test.npy
      hash: md5
      md5: cb944967cdeb7402a9654d29d84b583a
      size: 8976
    outs:
    - path: artifacts/classification_report.joblib
      hash: md5
      md5: 6bf394ad04503af3f8609866f1bbcdaf
      size: 398
    - path: artifacts/eval_result.json
      hash: md5
      md5: c16c47831d9d012854089119697134b9
      size: 68
