schema: '2.0'
stages:
  data:
    cmd: python -m src.pipelines.data_pipeline
    deps:
    - path: data/raw/student_academic_data/data.csv
      hash: md5
      md5: ee29c9ee9ea60654b5bb0a161c0a473d
      size: 533230
    - path: src/data
      hash: md5
      md5: 2c5d238ee10cef9bfb6fcaa5b1d0fa86.dir
      size: 10475
      nfiles: 8
    outs:
    - path: data/processed/X_test.csv
      hash: md5
      md5: 13ed4e09f91fafd07de29cdc6804d49a
      size: 75300
    - path: data/processed/X_train.csv
      hash: md5
      md5: 938fd3999948a07539a2fdc921b3656a
      size: 225482
    - path: data/processed/y_test.npy
      hash: md5
      md5: cb944967cdeb7402a9654d29d84b583a
      size: 8976
    - path: data/processed/y_train.npy
      hash: md5
      md5: 7090121b691110ea828c345e640833bf
      size: 26672
  train:
    cmd: python -m src.pipelines.training_pipeline
    deps:
    - path: data/processed/X_train.csv
      hash: md5
      md5: 938fd3999948a07539a2fdc921b3656a
      size: 225482
    - path: data/processed/y_train.npy
      hash: md5
      md5: 7090121b691110ea828c345e640833bf
      size: 26672
    outs:
    - path: artifacts/feature_names.joblib
      hash: md5
      md5: 1577c36107d439e5626f88b9e27143ee
      size: 505
    - path: artifacts/models/best_model.joblib
      hash: md5
      md5: abcbaa5d31df049116e53bfdb17f7d7b
      size: 1059352
  evaluate:
    cmd: python -m src.pipelines.evaluation_pipeline
    deps:
    - path: artifacts/models/best_model.joblib
      hash: md5
      md5: abcbaa5d31df049116e53bfdb17f7d7b
      size: 1059352
    - path: data/processed/X_test.csv
      hash: md5
      md5: 13ed4e09f91fafd07de29cdc6804d49a
      size: 75300
    - path: data/processed/y_test.npy
      hash: md5
      md5: cb944967cdeb7402a9654d29d84b583a
      size: 8976
    outs:
    - path: artifacts/classification_report.joblib
      hash: md5
      md5: 6bf394ad04503af3f8609866f1bbcdaf
      size: 398
    - path: artifacts/eval_result.json
      hash: md5
      md5: c16c47831d9d012854089119697134b9
      size: 68
